
Microsoft Visual Studio Solution File, Format Version 12.00
# Visual Studio Version 17
VisualStudioVersion = 17.9.34728.123
MinimumVisualStudioVersion = 10.0.40219.1
Project("{9A19103F-16F7-4668-BE54-9A1E7A4F7556}") = "Console", "src\Console\Console.csproj", "{38610AA5-AD90-4194-947E-37C3ED9652F2}"
EndProject
Project("{9A19103F-16F7-4668-BE54-9A1E7A4F7556}") = "SourceGenerator", "SourceGenerator\SourceGenerator.csproj", "{0604BE5F-5901-4EAE-B158-B9E57359F4F6}"
EndProject
Project("{9A19103F-16F7-4668-BE54-9A1E7A4F7556}") = "Library", "src\Library\Library.csproj", "{DB52E92F-3B09-441F-AC73-D074D2C3135E}"
EndProject
Project("{9A19103F-16F7-4668-BE54-9A1E7A4F7556}") = "AutoGenerated", "src\AutoGenerated\AutoGenerated.csproj", "{3AD8B2E9-E6A4-43EE-9018-DC1FD88801A4}"
EndProject
Project("{2150E333-8FDC-42A3-9474-1A3956D46DE8}") = "Solution Items", "Solution Items", "{FC103C9F-7713-40BF-ADE9-D837073DB845}"
	ProjectSection(SolutionItems) = preProject
		README.md = README.md
	EndProjectSection
EndProject
Project("{2150E333-8FDC-42A3-9474-1A3956D46DE8}") = "src", "src", "{7371D469-A816-4438-9B08-355D7F8CE1A0}"
EndProject
Global
	GlobalSection(SolutionConfigurationPlatforms) = preSolution
		Debug|Any CPU = Debug|Any CPU
		Release|Any CPU = Release|Any CPU
	EndGlobalSection
	GlobalSection(ProjectConfigurationPlatforms) = postSolution
		{38610AA5-AD90-4194-947E-37C3ED9652F2}.Debug|Any CPU.ActiveCfg = Debug|Any CPU
		{38610AA5-AD90-4194-947E-37C3ED9652F2}.Debug|Any CPU.Build.0 = Debug|Any CPU
		{38610AA5-AD90-4194-947E-37C3ED9652F2}.Release|Any CPU.ActiveCfg = Release|Any CPU
		{38610AA5-AD90-4194-947E-37C3ED9652F2}.Release|Any CPU.Build.0 = Release|Any CPU
		{0604BE5F-5901-4EAE-B158-B9E57359F4F6}.Debug|Any CPU.ActiveCfg = Debug|Any CPU
		{0604BE5F-5901-4EAE-B158-B9E57359F4F6}.Debug|Any CPU.Build.0 = Debug|Any CPU
		{0604BE5F-5901-4EAE-B158-B9E57359F4F6}.Release|Any CPU.ActiveCfg = Release|Any CPU
		{0604BE5F-5901-4EAE-B158-B9E57359F4F6}.Release|Any CPU.Build.0 = Release|Any CPU
		{DB52E92F-3B09-441F-AC73-D074D2C3135E}.Debug|Any CPU.ActiveCfg = Debug|Any CPU
		{DB52E92F-3B09-441F-AC73-D074D2C3135E}.Debug|Any CPU.Build.0 = Debug|Any CPU
		{DB52E92F-3B09-441F-AC73-D074D2C3135E}.Release|Any CPU.ActiveCfg = Release|Any CPU
		{DB52E92F-3B09-441F-AC73-D074D2C3135E}.Release|Any CPU.Build.0 = Release|Any CPU
		{3AD8B2E9-E6A4-43EE-9018-DC1FD88801A4}.Debug|Any CPU.ActiveCfg = Debug|Any CPU
		{3AD8B2E9-E6A4-43EE-9018-DC1FD88801A4}.Debug|Any CPU.Build.0 = Debug|Any CPU
		{3AD8B2E9-E6A4-43EE-9018-DC1FD88801A4}.Release|Any CPU.ActiveCfg = Release|Any CPU
		{3AD8B2E9-E6A4-43EE-9018-DC1FD88801A4}.Release|Any CPU.Build.0 = Release|Any CPU
	EndGlobalSection
	GlobalSection(SolutionProperties) = preSolution
		HideSolutionNode = FALSE
	EndGlobalSection
	GlobalSection(NestedProjects) = preSolution
		{38610AA5-AD90-4194-947E-37C3ED9652F2} = {7371D469-A816-4438-9B08-355D7F8CE1A0}
		{DB52E92F-3B09-441F-AC73-D074D2C3135E} = {7371D469-A816-4438-9B08-355D7F8CE1A0}
		{3AD8B2E9-E6A4-43EE-9018-DC1FD88801A4} = {7371D469-A816-4438-9B08-355D7F8CE1A0}
	EndGlobalSection
	GlobalSection(ExtensibilityGlobals) = postSolution
		SolutionGuid = {63AEB4F9-11EC-45C9-969A-9DB04A2A91C1}
	EndGlobalSection
EndGlobal
